
Microsoft Visual Studio Solution File, Format Version 12.00
# Visual Studio 15
VisualStudioVersion = 15.0.28307.1758
MinimumVisualStudioVersion = 10.0.40219.1
Project("{8BC9CEB8-8B4A-11D0-8D11-00A0C91BC942}") = "scan_filter_wingdi", "wingdi\scan_filter_wingdi\scan_filter_wingdi.vcxproj", "{64ED90BC-23D3-4DAA-B3E8-DE35A75863AA}"
EndProject
Project("{8BC9CEB8-8B4A-11D0-8D11-00A0C91BC942}") = "ray_sphere_intersect_gl", "opengl\ray_sphere_intersect_gl\ray_sphere_intersect_gl.vcxproj", "{2E596DC5-54CC-401F-9A30-43CFEFDC0124}"
EndProject
Project("{8BC9CEB8-8B4A-11D0-8D11-00A0C91BC942}") = "camera_euler_gl", "opengl\camera_euler_gl\camera_euler_gl.vcxproj", "{DA55BF5F-766C-406C-87A6-3F336A50BA2A}"
EndProject
Project("{8BC9CEB8-8B4A-11D0-8D11-00A0C91BC942}") = "sin_cos_wingdi", "wingdi\sin_cos_wingdi\sin_cos_wingdi.vcxproj", "{8A2221DC-0A91-4A9B-BD8E-EB47BEA94612}"
EndProject
Project("{8BC9CEB8-8B4A-11D0-8D11-00A0C91BC942}") = "vectors_test", "opengl\vectors_test\vectors_test.vcxproj", "{7B1FB75E-1F63-44C9-ADBA-137029787BBA}"
EndProject
Project("{8BC9CEB8-8B4A-11D0-8D11-00A0C91BC942}") = "camera_move_anim_gl", "opengl\camera_move_anim_gl\camera_move_anim_gl.vcxproj", "{96620A95-64FA-455A-9DEE-1BD8EFA1B4F3}"
EndProject
Project("{8BC9CEB8-8B4A-11D0-8D11-00A0C91BC942}") = "vec_cross_gl", "opengl\vec_cross_gl\vec_cross_gl.vcxproj", "{545FA245-0C8D-443B-83FE-4E9872BD59AE}"
EndProject
Project("{8BC9CEB8-8B4A-11D0-8D11-00A0C91BC942}") = "move_chunks_gl", "opengl\move_chunks_gl\move_chunks_gl.vcxproj", "{5B671CE2-707A-4046-B666-902BD8A8D325}"
EndProject
Project("{8BC9CEB8-8B4A-11D0-8D11-00A0C91BC942}") = "vertex_compress", "vertex_compress\vertex_compress.vcxproj", "{B2417E41-2445-4BDA-B610-536C7F5D82E1}"
EndProject
Project("{8BC9CEB8-8B4A-11D0-8D11-00A0C91BC942}") = "drawarrays_glbyte", "opengl\drawarrays_glbyte\drawarrays_glbyte.vcxproj", "{5B7F8CF0-9194-4616-BD16-744BF3ACBA44}"
EndProject
Project("{8BC9CEB8-8B4A-11D0-8D11-00A0C91BC942}") = "vectors_angle_gl", "opengl\vector_angle_gl\vector_angle_gl.vcxproj", "{09E3C629-7F7E-4D0C-9810-DD7940A3FC33}"
EndProject
Project("{8BC9CEB8-8B4A-11D0-8D11-00A0C91BC942}") = "muitisampling_test", "opengl\muitisampling_test\muitisampling_test.vcxproj", "{CFB1BEC9-003B-473C-A721-77C2931C0CFF}"
EndProject
Global
	GlobalSection(SolutionConfigurationPlatforms) = preSolution
		Debug|x64 = Debug|x64
		Debug|x86 = Debug|x86
		Release|x64 = Release|x64
		Release|x86 = Release|x86
	EndGlobalSection
	GlobalSection(ProjectConfigurationPlatforms) = postSolution
		{64ED90BC-23D3-4DAA-B3E8-DE35A75863AA}.Debug|x64.ActiveCfg = Debug|x64
		{64ED90BC-23D3-4DAA-B3E8-DE35A75863AA}.Debug|x64.Build.0 = Debug|x64
		{64ED90BC-23D3-4DAA-B3E8-DE35A75863AA}.Debug|x86.ActiveCfg = Debug|Win32
		{64ED90BC-23D3-4DAA-B3E8-DE35A75863AA}.Debug|x86.Build.0 = Debug|Win32
		{64ED90BC-23D3-4DAA-B3E8-DE35A75863AA}.Release|x64.ActiveCfg = Release|x64
		{64ED90BC-23D3-4DAA-B3E8-DE35A75863AA}.Release|x64.Build.0 = Release|x64
		{64ED90BC-23D3-4DAA-B3E8-DE35A75863AA}.Release|x86.ActiveCfg = Release|Win32
		{64ED90BC-23D3-4DAA-B3E8-DE35A75863AA}.Release|x86.Build.0 = Release|Win32
		{2E596DC5-54CC-401F-9A30-43CFEFDC0124}.Debug|x64.ActiveCfg = Debug|x64
		{2E596DC5-54CC-401F-9A30-43CFEFDC0124}.Debug|x64.Build.0 = Debug|x64
		{2E596DC5-54CC-401F-9A30-43CFEFDC0124}.Debug|x86.ActiveCfg = Debug|Win32
		{2E596DC5-54CC-401F-9A30-43CFEFDC0124}.Debug|x86.Build.0 = Debug|Win32
		{2E596DC5-54CC-401F-9A30-43CFEFDC0124}.Release|x64.ActiveCfg = Release|x64
		{2E596DC5-54CC-401F-9A30-43CFEFDC0124}.Release|x64.Build.0 = Release|x64
		{2E596DC5-54CC-401F-9A30-43CFEFDC0124}.Release|x86.ActiveCfg = Release|Win32
		{2E596DC5-54CC-401F-9A30-43CFEFDC0124}.Release|x86.Build.0 = Release|Win32
		{DA55BF5F-766C-406C-87A6-3F336A50BA2A}.Debug|x64.ActiveCfg = Debug|x64
		{DA55BF5F-766C-406C-87A6-3F336A50BA2A}.Debug|x64.Build.0 = Debug|x64
		{DA55BF5F-766C-406C-87A6-3F336A50BA2A}.Debug|x86.ActiveCfg = Debug|Win32
		{DA55BF5F-766C-406C-87A6-3F336A50BA2A}.Debug|x86.Build.0 = Debug|Win32
		{DA55BF5F-766C-406C-87A6-3F336A50BA2A}.Release|x64.ActiveCfg = Release|x64
		{DA55BF5F-766C-406C-87A6-3F336A50BA2A}.Release|x64.Build.0 = Release|x64
		{DA55BF5F-766C-406C-87A6-3F336A50BA2A}.Release|x86.ActiveCfg = Release|Win32
		{DA55BF5F-766C-406C-87A6-3F336A50BA2A}.Release|x86.Build.0 = Release|Win32
		{8A2221DC-0A91-4A9B-BD8E-EB47BEA94612}.Debug|x64.ActiveCfg = Debug|x64
		{8A2221DC-0A91-4A9B-BD8E-EB47BEA94612}.Debug|x64.Build.0 = Debug|x64
		{8A2221DC-0A91-4A9B-BD8E-EB47BEA94612}.Debug|x86.ActiveCfg = Debug|Win32
		{8A2221DC-0A91-4A9B-BD8E-EB47BEA94612}.Debug|x86.Build.0 = Debug|Win32
		{8A2221DC-0A91-4A9B-BD8E-EB47BEA94612}.Release|x64.ActiveCfg = Release|x64
		{8A2221DC-0A91-4A9B-BD8E-EB47BEA94612}.Release|x64.Build.0 = Release|x64
		{8A2221DC-0A91-4A9B-BD8E-EB47BEA94612}.Release|x86.ActiveCfg = Release|Win32
		{8A2221DC-0A91-4A9B-BD8E-EB47BEA94612}.Release|x86.Build.0 = Release|Win32
		{7B1FB75E-1F63-44C9-ADBA-137029787BBA}.Debug|x64.ActiveCfg = Debug|x64
		{7B1FB75E-1F63-44C9-ADBA-137029787BBA}.Debug|x64.Build.0 = Debug|x64
		{7B1FB75E-1F63-44C9-ADBA-137029787BBA}.Debug|x86.ActiveCfg = Debug|Win32
		{7B1FB75E-1F63-44C9-ADBA-137029787BBA}.Debug|x86.Build.0 = Debug|Win32
		{7B1FB75E-1F63-44C9-ADBA-137029787BBA}.Release|x64.ActiveCfg = Release|x64
		{7B1FB75E-1F63-44C9-ADBA-137029787BBA}.Release|x64.Build.0 = Release|x64
		{7B1FB75E-1F63-44C9-ADBA-137029787BBA}.Release|x86.ActiveCfg = Release|Win32
		{7B1FB75E-1F63-44C9-ADBA-137029787BBA}.Release|x86.Build.0 = Release|Win32
		{96620A95-64FA-455A-9DEE-1BD8EFA1B4F3}.Debug|x64.ActiveCfg = Debug|x64
		{96620A95-64FA-455A-9DEE-1BD8EFA1B4F3}.Debug|x64.Build.0 = Debug|x64
		{96620A95-64FA-455A-9DEE-1BD8EFA1B4F3}.Debug|x86.ActiveCfg = Debug|Win32
		{96620A95-64FA-455A-9DEE-1BD8EFA1B4F3}.Debug|x86.Build.0 = Debug|Win32
		{96620A95-64FA-455A-9DEE-1BD8EFA1B4F3}.Release|x64.ActiveCfg = Release|x64
		{96620A95-64FA-455A-9DEE-1BD8EFA1B4F3}.Release|x64.Build.0 = Release|x64
		{96620A95-64FA-455A-9DEE-1BD8EFA1B4F3}.Release|x86.ActiveCfg = Release|Win32
		{96620A95-64FA-455A-9DEE-1BD8EFA1B4F3}.Release|x86.Build.0 = Release|Win32
		{545FA245-0C8D-443B-83FE-4E9872BD59AE}.Debug|x64.ActiveCfg = Debug|x64
		{545FA245-0C8D-443B-83FE-4E9872BD59AE}.Debug|x64.Build.0 = Debug|x64
		{545FA245-0C8D-443B-83FE-4E9872BD59AE}.Debug|x86.ActiveCfg = Debug|Win32
		{545FA245-0C8D-443B-83FE-4E9872BD59AE}.Debug|x86.Build.0 = Debug|Win32
		{545FA245-0C8D-443B-83FE-4E9872BD59AE}.Release|x64.ActiveCfg = Release|x64
		{545FA245-0C8D-443B-83FE-4E9872BD59AE}.Release|x64.Build.0 = Release|x64
		{545FA245-0C8D-443B-83FE-4E9872BD59AE}.Release|x86.ActiveCfg = Release|Win32
		{545FA245-0C8D-443B-83FE-4E9872BD59AE}.Release|x86.Build.0 = Release|Win32
		{5B671CE2-707A-4046-B666-902BD8A8D325}.Debug|x64.ActiveCfg = Debug|x64
		{5B671CE2-707A-4046-B666-902BD8A8D325}.Debug|x64.Build.0 = Debug|x64
		{5B671CE2-707A-4046-B666-902BD8A8D325}.Debug|x86.ActiveCfg = Debug|Win32
		{5B671CE2-707A-4046-B666-902BD8A8D325}.Debug|x86.Build.0 = Debug|Win32
		{5B671CE2-707A-4046-B666-902BD8A8D325}.Release|x64.ActiveCfg = Release|x64
		{5B671CE2-707A-4046-B666-902BD8A8D325}.Release|x64.Build.0 = Release|x64
		{5B671CE2-707A-4046-B666-902BD8A8D325}.Release|x86.ActiveCfg = Release|Win32
		{5B671CE2-707A-4046-B666-902BD8A8D325}.Release|x86.Build.0 = Release|Win32
		{B2417E41-2445-4BDA-B610-536C7F5D82E1}.Debug|x64.ActiveCfg = Debug|x64
		{B2417E41-2445-4BDA-B610-536C7F5D82E1}.Debug|x64.Build.0 = Debug|x64
		{B2417E41-2445-4BDA-B610-536C7F5D82E1}.Debug|x86.ActiveCfg = Debug|Win32
		{B2417E41-2445-4BDA-B610-536C7F5D82E1}.Debug|x86.Build.0 = Debug|Win32
		{B2417E41-2445-4BDA-B610-536C7F5D82E1}.Release|x64.ActiveCfg = Release|x64
		{B2417E41-2445-4BDA-B610-536C7F5D82E1}.Release|x64.Build.0 = Release|x64
		{B2417E41-2445-4BDA-B610-536C7F5D82E1}.Release|x86.ActiveCfg = Release|Win32
		{B2417E41-2445-4BDA-B610-536C7F5D82E1}.Release|x86.Build.0 = Release|Win32
		{5B7F8CF0-9194-4616-BD16-744BF3ACBA44}.Debug|x64.ActiveCfg = Debug|x64
		{5B7F8CF0-9194-4616-BD16-744BF3ACBA44}.Debug|x64.Build.0 = Debug|x64
		{5B7F8CF0-9194-4616-BD16-744BF3ACBA44}.Debug|x86.ActiveCfg = Debug|Win32
		{5B7F8CF0-9194-4616-BD16-744BF3ACBA44}.Debug|x86.Build.0 = Debug|Win32
		{5B7F8CF0-9194-4616-BD16-744BF3ACBA44}.Release|x64.ActiveCfg = Release|x64
		{5B7F8CF0-9194-4616-BD16-744BF3ACBA44}.Release|x64.Build.0 = Release|x64
		{5B7F8CF0-9194-4616-BD16-744BF3ACBA44}.Release|x86.ActiveCfg = Release|Win32
		{5B7F8CF0-9194-4616-BD16-744BF3ACBA44}.Release|x86.Build.0 = Release|Win32
		{09E3C629-7F7E-4D0C-9810-DD7940A3FC33}.Debug|x64.ActiveCfg = Debug|x64
		{09E3C629-7F7E-4D0C-9810-DD7940A3FC33}.Debug|x64.Build.0 = Debug|x64
		{09E3C629-7F7E-4D0C-9810-DD7940A3FC33}.Debug|x86.ActiveCfg = Debug|Win32
		{09E3C629-7F7E-4D0C-9810-DD7940A3FC33}.Debug|x86.Build.0 = Debug|Win32
		{09E3C629-7F7E-4D0C-9810-DD7940A3FC33}.Release|x64.ActiveCfg = Release|x64
		{09E3C629-7F7E-4D0C-9810-DD7940A3FC33}.Release|x64.Build.0 = Release|x64
		{09E3C629-7F7E-4D0C-9810-DD7940A3FC33}.Release|x86.ActiveCfg = Release|Win32
		{09E3C629-7F7E-4D0C-9810-DD7940A3FC33}.Release|x86.Build.0 = Release|Win32
		{CFB1BEC9-003B-473C-A721-77C2931C0CFF}.Debug|x64.ActiveCfg = Debug|x64
		{CFB1BEC9-003B-473C-A721-77C2931C0CFF}.Debug|x64.Build.0 = Debug|x64
		{CFB1BEC9-003B-473C-A721-77C2931C0CFF}.Debug|x86.ActiveCfg = Debug|Win32
		{CFB1BEC9-003B-473C-A721-77C2931C0CFF}.Debug|x86.Build.0 = Debug|Win32
		{CFB1BEC9-003B-473C-A721-77C2931C0CFF}.Release|x64.ActiveCfg = Release|x64
		{CFB1BEC9-003B-473C-A721-77C2931C0CFF}.Release|x64.Build.0 = Release|x64
		{CFB1BEC9-003B-473C-A721-77C2931C0CFF}.Release|x86.ActiveCfg = Release|Win32
		{CFB1BEC9-003B-473C-A721-77C2931C0CFF}.Release|x86.Build.0 = Release|Win32
	EndGlobalSection
	GlobalSection(SolutionProperties) = preSolution
		HideSolutionNode = FALSE
	EndGlobalSection
	GlobalSection(ExtensibilityGlobals) = postSolution
		SolutionGuid = {44D5FC01-A559-4167-99B4-B463917F49C3}
	EndGlobalSection
EndGlobal
