
Microsoft Visual Studio Solution File, Format Version 12.00
# Visual Studio 15
VisualStudioVersion = 15.0.28307.1758
MinimumVisualStudioVersion = 10.0.40219.1
Project("{8BC9CEB8-8B4A-11D0-8D11-00A0C91BC942}") = "scan_filter_wingdi", "wingdi\scan_filter_wingdi\scan_filter_wingdi.vcxproj", "{64ED90BC-23D3-4DAA-B3E8-DE35A75863AA}"
EndProject
Project("{8BC9CEB8-8B4A-11D0-8D11-00A0C91BC942}") = "ray_sphere_intersect_gl", "opengl\ray_sphere_intersect_gl\ray_sphere_intersect_gl.vcxproj", "{2E596DC5-54CC-401F-9A30-43CFEFDC0124}"
EndProject
Project("{8BC9CEB8-8B4A-11D0-8D11-00A0C91BC942}") = "camera_euler_gl", "opengl\camera_euler_gl\camera_euler_gl.vcxproj", "{DA55BF5F-766C-406C-87A6-3F336A50BA2A}"
EndProject
Project("{8BC9CEB8-8B4A-11D0-8D11-00A0C91BC942}") = "sin_cos_wingdi", "wingdi\sin_cos_wingdi\sin_cos_wingdi.vcxproj", "{8A2221DC-0A91-4A9B-BD8E-EB47BEA94612}"
EndProject
Project("{8BC9CEB8-8B4A-11D0-8D11-00A0C91BC942}") = "vectors_test", "opengl\vectors_test\vectors_test.vcxproj", "{7B1FB75E-1F63-44C9-ADBA-137029787BBA}"
EndProject
Project("{8BC9CEB8-8B4A-11D0-8D11-00A0C91BC942}") = "camera_move_anim_gl", "opengl\camera_move_anim_gl\camera_move_anim_gl.vcxproj", "{96620A95-64FA-455A-9DEE-1BD8EFA1B4F3}"
EndProject
Project("{8BC9CEB8-8B4A-11D0-8D11-00A0C91BC942}") = "vec_cross_gl", "opengl\vec_cross_gl\vec_cross_gl.vcxproj", "{545FA245-0C8D-443B-83FE-4E9872BD59AE}"
EndProject
Project("{8BC9CEB8-8B4A-11D0-8D11-00A0C91BC942}") = "move_chunks_gl", "opengl\move_chunks_gl\move_chunks_gl.vcxproj", "{5B671CE2-707A-4046-B666-902BD8A8D325}"
EndProject
Project("{8BC9CEB8-8B4A-11D0-8D11-00A0C91BC942}") = "vertex_compress", "vertex_compress\vertex_compress.vcxproj", "{B2417E41-2445-4BDA-B610-536C7F5D82E1}"
EndProject
Project("{8BC9CEB8-8B4A-11D0-8D11-00A0C91BC942}") = "drawarrays_glbyte", "opengl\drawarrays_glbyte\drawarrays_glbyte.vcxproj", "{5B7F8CF0-9194-4616-BD16-744BF3ACBA44}"
EndProject
Project("{8BC9CEB8-8B4A-11D0-8D11-00A0C91BC942}") = "vectors_angle_gl", "opengl\vector_angle_gl\vector_angle_gl.vcxproj", "{09E3C629-7F7E-4D0C-9810-DD7940A3FC33}"
EndProject
Project("{8BC9CEB8-8B4A-11D0-8D11-00A0C91BC942}") = "muitisampling_test", "opengl\muitisampling_test\muitisampling_test.vcxproj", "{CFB1BEC9-003B-473C-A721-77C2931C0CFF}"
EndProject
Project("{8BC9CEB8-8B4A-11D0-8D11-00A0C91BC942}") = "marching_cubes", "opengl\marching_cubes\marching_cubes.vcxproj", "{FF999445-9D9D-4BC3-942F-A8582D104055}"
EndProject
Project("{8BC9CEB8-8B4A-11D0-8D11-00A0C91BC942}") = "find_contour", "wingdi\find_contour\find_contour.vcxproj", "{4A6BE305-136C-4989-895C-6231A02E2DEC}"
EndProject
Project("{8BC9CEB8-8B4A-11D0-8D11-00A0C91BC942}") = "new_delete_overloading", "new_delete_overloading\new_delete_overloading.vcxproj", "{9A4B28DF-739D-4165-80E2-AC4A01F91BAF}"
EndProject
Project("{8BC9CEB8-8B4A-11D0-8D11-00A0C91BC942}") = "vox_cube_gl", "opengl\vox_cube_gl\vox_cube_gl.vcxproj", "{5874221D-016A-4F73-9BF5-7CF46CFF3822}"
EndProject
Project("{8BC9CEB8-8B4A-11D0-8D11-00A0C91BC942}") = "gui_gl", "opengl\gui_gl\gui_gl.vcxproj", "{80D38477-9833-4B8C-A367-77782B2FAA59}"
EndProject
Project("{8BC9CEB8-8B4A-11D0-8D11-00A0C91BC942}") = "perlin_worms", "opengl\libnoise_examples\perlin_worms\perlin_worms.vcxproj", "{F93F8398-1954-4154-98DC-27DB8DA06358}"
EndProject
Project("{8BC9CEB8-8B4A-11D0-8D11-00A0C91BC942}") = "render_structures", "opengl\render_structures\render_structures.vcxproj", "{5677E9A5-1E0A-4CDE-8467-8A118E45B75F}"
EndProject
Project("{8BC9CEB8-8B4A-11D0-8D11-00A0C91BC942}") = "opengl_template", "opengl\opengl_template\opengl_template.vcxproj", "{A6A2BF9D-4735-461E-8179-6055BBD65AF4}"
EndProject
Project("{8BC9CEB8-8B4A-11D0-8D11-00A0C91BC942}") = "playing_avi", "wingdi\playing_avi\playing_avi.vcxproj", "{A538814C-E6EF-4699-B255-8F121DF400A9}"
EndProject
Project("{8BC9CEB8-8B4A-11D0-8D11-00A0C91BC942}") = "performance_test", "perfomance_test\perfomance_test.vcxproj", "{6C7BE749-4978-4798-82FA-6008630D2197}"
EndProject
Project("{2150E333-8FDC-42A3-9474-1A3956D46DE8}") = "opengl_glsl", "opengl_glsl", "{853B84AF-C806-4FFC-A1BC-66343F3E50A1}"
EndProject
Project("{2150E333-8FDC-42A3-9474-1A3956D46DE8}") = "wingdi", "wingdi", "{BF98DDB8-340E-4FF8-88AB-843EFAF570E4}"
EndProject
Project("{2150E333-8FDC-42A3-9474-1A3956D46DE8}") = "opengl", "opengl", "{CE431045-C17A-420E-AFCA-80ECAFAEE45C}"
EndProject
Project("{2150E333-8FDC-42A3-9474-1A3956D46DE8}") = "tests", "tests", "{D151FDC8-B387-46D4-8CD4-90BA365E3AB6}"
EndProject
Project("{8BC9CEB8-8B4A-11D0-8D11-00A0C91BC942}") = "shader1", "opengl_shaders\shader1\shader1.vcxproj", "{7C15C179-B236-4793-BC5C-AE6FD6CC1F66}"
EndProject
Project("{8BC9CEB8-8B4A-11D0-8D11-00A0C91BC942}") = "shadertoy_desktop", "opengl\shadertoy_desktop\shadertoy_desktop.vcxproj", "{1901A0F3-A159-4936-887E-DE095F3964C8}"
EndProject
Project("{8BC9CEB8-8B4A-11D0-8D11-00A0C91BC942}") = "point_inside_convex_polyhedron", "opengl\point_inside_solid_polyhedron\point_inside_solid_polyhedron.vcxproj", "{548F6AD3-FCA9-44E3-8BDB-A0C9723D216B}"
EndProject
Project("{8BC9CEB8-8B4A-11D0-8D11-00A0C91BC942}") = "vox_generate_convex_polyhedron", "opengl\vox_generate_convex_polyhedron\vox_generate_convex_polyhedron.vcxproj", "{AA4878C2-B6E4-4893-BB50-6D0A56261765}"
EndProject
Project("{8BC9CEB8-8B4A-11D0-8D11-00A0C91BC942}") = "plane_with_multiple_points", "opengl\plane_with_multiple_points\plane_with_multiple_points.vcxproj", "{DEFF11AB-DEEB-4919-A017-68380AAD43A8}"
EndProject
Project("{2150E333-8FDC-42A3-9474-1A3956D46DE8}") = "Solution Items", "Solution Items", "{9DF3E0E4-88B2-456A-B5F2-5948D7FEB0CD}"
	ProjectSection(SolutionItems) = preProject
		snips.txt = snips.txt
	EndProjectSection
EndProject
Project("{2150E333-8FDC-42A3-9474-1A3956D46DE8}") = "gui", "gui", "{7DC7965C-FF7C-44DD-BA5A-F46037202C38}"
EndProject
Project("{2150E333-8FDC-42A3-9474-1A3956D46DE8}") = "cv", "cv", "{AF693833-1ECC-43F8-B9DA-61E29A4B20B3}"
EndProject
Project("{8BC9CEB8-8B4A-11D0-8D11-00A0C91BC942}") = "glyphs_recognize", "cv\glyphs_recognize\glyphs_recognize.vcxproj", "{4C321CEE-DC7C-411B-BFFF-D4425D3C96FA}"
EndProject
Project("{8BC9CEB8-8B4A-11D0-8D11-00A0C91BC942}") = "stb_truetype_gl", "stb_truetype_gl\stb_truetype_gl.vcxproj", "{9E3F816F-5FE8-4440-B560-0A1A07E3EF2B}"
EndProject
Project("{8BC9CEB8-8B4A-11D0-8D11-00A0C91BC942}") = "point_in_polygon", "wingdi\ray_line_intersect\ray_line_intersect.vcxproj", "{9F189B57-41D5-46A5-BCA3-20D52CFB9FDF}"
EndProject
Project("{8BC9CEB8-8B4A-11D0-8D11-00A0C91BC942}") = "vox_layer_gen_polygons", "vox_layer_gen_polygons\vox_layer_gen_polygons.vcxproj", "{63BBF5AE-8923-469A-9249-D20DE7C8EA87}"
EndProject
Project("{8BC9CEB8-8B4A-11D0-8D11-00A0C91BC942}") = "polygon_centroid", "wingdi\polygon_centroid\polygon_centroid.vcxproj", "{E4E1C11B-C27D-4368-AEB9-ECA293C3FF5D}"
EndProject
Project("{8BC9CEB8-8B4A-11D0-8D11-00A0C91BC942}") = "hull_algorithms", "wingdi\hull_algorithms\hull_algorithms.vcxproj", "{F5BB57EE-6F72-4681-817E-2780EB733E17}"
EndProject
Project("{8BC9CEB8-8B4A-11D0-8D11-00A0C91BC942}") = "hull_test", "hull_test\hull_test.vcxproj", "{9EAEE97E-9882-4997-A69D-0EEF8D9135CA}"
EndProject
Global
	GlobalSection(SolutionConfigurationPlatforms) = preSolution
		Debug|x64 = Debug|x64
		Debug|x86 = Debug|x86
		Release|x64 = Release|x64
		Release|x86 = Release|x86
	EndGlobalSection
	GlobalSection(ProjectConfigurationPlatforms) = postSolution
		{64ED90BC-23D3-4DAA-B3E8-DE35A75863AA}.Debug|x64.ActiveCfg = Debug|x64
		{64ED90BC-23D3-4DAA-B3E8-DE35A75863AA}.Debug|x64.Build.0 = Debug|x64
		{64ED90BC-23D3-4DAA-B3E8-DE35A75863AA}.Debug|x86.ActiveCfg = Debug|Win32
		{64ED90BC-23D3-4DAA-B3E8-DE35A75863AA}.Debug|x86.Build.0 = Debug|Win32
		{64ED90BC-23D3-4DAA-B3E8-DE35A75863AA}.Release|x64.ActiveCfg = Release|x64
		{64ED90BC-23D3-4DAA-B3E8-DE35A75863AA}.Release|x64.Build.0 = Release|x64
		{64ED90BC-23D3-4DAA-B3E8-DE35A75863AA}.Release|x86.ActiveCfg = Release|Win32
		{64ED90BC-23D3-4DAA-B3E8-DE35A75863AA}.Release|x86.Build.0 = Release|Win32
		{2E596DC5-54CC-401F-9A30-43CFEFDC0124}.Debug|x64.ActiveCfg = Debug|x64
		{2E596DC5-54CC-401F-9A30-43CFEFDC0124}.Debug|x64.Build.0 = Debug|x64
		{2E596DC5-54CC-401F-9A30-43CFEFDC0124}.Debug|x86.ActiveCfg = Debug|Win32
		{2E596DC5-54CC-401F-9A30-43CFEFDC0124}.Debug|x86.Build.0 = Debug|Win32
		{2E596DC5-54CC-401F-9A30-43CFEFDC0124}.Release|x64.ActiveCfg = Release|x64
		{2E596DC5-54CC-401F-9A30-43CFEFDC0124}.Release|x64.Build.0 = Release|x64
		{2E596DC5-54CC-401F-9A30-43CFEFDC0124}.Release|x86.ActiveCfg = Release|Win32
		{2E596DC5-54CC-401F-9A30-43CFEFDC0124}.Release|x86.Build.0 = Release|Win32
		{DA55BF5F-766C-406C-87A6-3F336A50BA2A}.Debug|x64.ActiveCfg = Debug|x64
		{DA55BF5F-766C-406C-87A6-3F336A50BA2A}.Debug|x64.Build.0 = Debug|x64
		{DA55BF5F-766C-406C-87A6-3F336A50BA2A}.Debug|x86.ActiveCfg = Debug|Win32
		{DA55BF5F-766C-406C-87A6-3F336A50BA2A}.Debug|x86.Build.0 = Debug|Win32
		{DA55BF5F-766C-406C-87A6-3F336A50BA2A}.Release|x64.ActiveCfg = Release|x64
		{DA55BF5F-766C-406C-87A6-3F336A50BA2A}.Release|x64.Build.0 = Release|x64
		{DA55BF5F-766C-406C-87A6-3F336A50BA2A}.Release|x86.ActiveCfg = Release|Win32
		{DA55BF5F-766C-406C-87A6-3F336A50BA2A}.Release|x86.Build.0 = Release|Win32
		{8A2221DC-0A91-4A9B-BD8E-EB47BEA94612}.Debug|x64.ActiveCfg = Debug|x64
		{8A2221DC-0A91-4A9B-BD8E-EB47BEA94612}.Debug|x64.Build.0 = Debug|x64
		{8A2221DC-0A91-4A9B-BD8E-EB47BEA94612}.Debug|x86.ActiveCfg = Debug|Win32
		{8A2221DC-0A91-4A9B-BD8E-EB47BEA94612}.Debug|x86.Build.0 = Debug|Win32
		{8A2221DC-0A91-4A9B-BD8E-EB47BEA94612}.Release|x64.ActiveCfg = Release|x64
		{8A2221DC-0A91-4A9B-BD8E-EB47BEA94612}.Release|x64.Build.0 = Release|x64
		{8A2221DC-0A91-4A9B-BD8E-EB47BEA94612}.Release|x86.ActiveCfg = Release|Win32
		{8A2221DC-0A91-4A9B-BD8E-EB47BEA94612}.Release|x86.Build.0 = Release|Win32
		{7B1FB75E-1F63-44C9-ADBA-137029787BBA}.Debug|x64.ActiveCfg = Debug|x64
		{7B1FB75E-1F63-44C9-ADBA-137029787BBA}.Debug|x64.Build.0 = Debug|x64
		{7B1FB75E-1F63-44C9-ADBA-137029787BBA}.Debug|x86.ActiveCfg = Debug|Win32
		{7B1FB75E-1F63-44C9-ADBA-137029787BBA}.Debug|x86.Build.0 = Debug|Win32
		{7B1FB75E-1F63-44C9-ADBA-137029787BBA}.Release|x64.ActiveCfg = Release|x64
		{7B1FB75E-1F63-44C9-ADBA-137029787BBA}.Release|x64.Build.0 = Release|x64
		{7B1FB75E-1F63-44C9-ADBA-137029787BBA}.Release|x86.ActiveCfg = Release|Win32
		{7B1FB75E-1F63-44C9-ADBA-137029787BBA}.Release|x86.Build.0 = Release|Win32
		{96620A95-64FA-455A-9DEE-1BD8EFA1B4F3}.Debug|x64.ActiveCfg = Debug|x64
		{96620A95-64FA-455A-9DEE-1BD8EFA1B4F3}.Debug|x64.Build.0 = Debug|x64
		{96620A95-64FA-455A-9DEE-1BD8EFA1B4F3}.Debug|x86.ActiveCfg = Debug|Win32
		{96620A95-64FA-455A-9DEE-1BD8EFA1B4F3}.Debug|x86.Build.0 = Debug|Win32
		{96620A95-64FA-455A-9DEE-1BD8EFA1B4F3}.Release|x64.ActiveCfg = Release|x64
		{96620A95-64FA-455A-9DEE-1BD8EFA1B4F3}.Release|x64.Build.0 = Release|x64
		{96620A95-64FA-455A-9DEE-1BD8EFA1B4F3}.Release|x86.ActiveCfg = Release|Win32
		{96620A95-64FA-455A-9DEE-1BD8EFA1B4F3}.Release|x86.Build.0 = Release|Win32
		{545FA245-0C8D-443B-83FE-4E9872BD59AE}.Debug|x64.ActiveCfg = Debug|x64
		{545FA245-0C8D-443B-83FE-4E9872BD59AE}.Debug|x64.Build.0 = Debug|x64
		{545FA245-0C8D-443B-83FE-4E9872BD59AE}.Debug|x86.ActiveCfg = Debug|Win32
		{545FA245-0C8D-443B-83FE-4E9872BD59AE}.Debug|x86.Build.0 = Debug|Win32
		{545FA245-0C8D-443B-83FE-4E9872BD59AE}.Release|x64.ActiveCfg = Release|x64
		{545FA245-0C8D-443B-83FE-4E9872BD59AE}.Release|x64.Build.0 = Release|x64
		{545FA245-0C8D-443B-83FE-4E9872BD59AE}.Release|x86.ActiveCfg = Release|Win32
		{545FA245-0C8D-443B-83FE-4E9872BD59AE}.Release|x86.Build.0 = Release|Win32
		{5B671CE2-707A-4046-B666-902BD8A8D325}.Debug|x64.ActiveCfg = Debug|x64
		{5B671CE2-707A-4046-B666-902BD8A8D325}.Debug|x64.Build.0 = Debug|x64
		{5B671CE2-707A-4046-B666-902BD8A8D325}.Debug|x86.ActiveCfg = Debug|Win32
		{5B671CE2-707A-4046-B666-902BD8A8D325}.Debug|x86.Build.0 = Debug|Win32
		{5B671CE2-707A-4046-B666-902BD8A8D325}.Release|x64.ActiveCfg = Release|x64
		{5B671CE2-707A-4046-B666-902BD8A8D325}.Release|x64.Build.0 = Release|x64
		{5B671CE2-707A-4046-B666-902BD8A8D325}.Release|x86.ActiveCfg = Release|Win32
		{5B671CE2-707A-4046-B666-902BD8A8D325}.Release|x86.Build.0 = Release|Win32
		{B2417E41-2445-4BDA-B610-536C7F5D82E1}.Debug|x64.ActiveCfg = Debug|x64
		{B2417E41-2445-4BDA-B610-536C7F5D82E1}.Debug|x64.Build.0 = Debug|x64
		{B2417E41-2445-4BDA-B610-536C7F5D82E1}.Debug|x86.ActiveCfg = Debug|Win32
		{B2417E41-2445-4BDA-B610-536C7F5D82E1}.Debug|x86.Build.0 = Debug|Win32
		{B2417E41-2445-4BDA-B610-536C7F5D82E1}.Release|x64.ActiveCfg = Release|x64
		{B2417E41-2445-4BDA-B610-536C7F5D82E1}.Release|x64.Build.0 = Release|x64
		{B2417E41-2445-4BDA-B610-536C7F5D82E1}.Release|x86.ActiveCfg = Release|Win32
		{B2417E41-2445-4BDA-B610-536C7F5D82E1}.Release|x86.Build.0 = Release|Win32
		{5B7F8CF0-9194-4616-BD16-744BF3ACBA44}.Debug|x64.ActiveCfg = Debug|x64
		{5B7F8CF0-9194-4616-BD16-744BF3ACBA44}.Debug|x64.Build.0 = Debug|x64
		{5B7F8CF0-9194-4616-BD16-744BF3ACBA44}.Debug|x86.ActiveCfg = Debug|Win32
		{5B7F8CF0-9194-4616-BD16-744BF3ACBA44}.Debug|x86.Build.0 = Debug|Win32
		{5B7F8CF0-9194-4616-BD16-744BF3ACBA44}.Release|x64.ActiveCfg = Release|x64
		{5B7F8CF0-9194-4616-BD16-744BF3ACBA44}.Release|x64.Build.0 = Release|x64
		{5B7F8CF0-9194-4616-BD16-744BF3ACBA44}.Release|x86.ActiveCfg = Release|Win32
		{5B7F8CF0-9194-4616-BD16-744BF3ACBA44}.Release|x86.Build.0 = Release|Win32
		{09E3C629-7F7E-4D0C-9810-DD7940A3FC33}.Debug|x64.ActiveCfg = Debug|x64
		{09E3C629-7F7E-4D0C-9810-DD7940A3FC33}.Debug|x64.Build.0 = Debug|x64
		{09E3C629-7F7E-4D0C-9810-DD7940A3FC33}.Debug|x86.ActiveCfg = Debug|Win32
		{09E3C629-7F7E-4D0C-9810-DD7940A3FC33}.Debug|x86.Build.0 = Debug|Win32
		{09E3C629-7F7E-4D0C-9810-DD7940A3FC33}.Release|x64.ActiveCfg = Release|x64
		{09E3C629-7F7E-4D0C-9810-DD7940A3FC33}.Release|x64.Build.0 = Release|x64
		{09E3C629-7F7E-4D0C-9810-DD7940A3FC33}.Release|x86.ActiveCfg = Release|Win32
		{09E3C629-7F7E-4D0C-9810-DD7940A3FC33}.Release|x86.Build.0 = Release|Win32
		{CFB1BEC9-003B-473C-A721-77C2931C0CFF}.Debug|x64.ActiveCfg = Debug|x64
		{CFB1BEC9-003B-473C-A721-77C2931C0CFF}.Debug|x64.Build.0 = Debug|x64
		{CFB1BEC9-003B-473C-A721-77C2931C0CFF}.Debug|x86.ActiveCfg = Debug|Win32
		{CFB1BEC9-003B-473C-A721-77C2931C0CFF}.Debug|x86.Build.0 = Debug|Win32
		{CFB1BEC9-003B-473C-A721-77C2931C0CFF}.Release|x64.ActiveCfg = Release|x64
		{CFB1BEC9-003B-473C-A721-77C2931C0CFF}.Release|x64.Build.0 = Release|x64
		{CFB1BEC9-003B-473C-A721-77C2931C0CFF}.Release|x86.ActiveCfg = Release|Win32
		{CFB1BEC9-003B-473C-A721-77C2931C0CFF}.Release|x86.Build.0 = Release|Win32
		{FF999445-9D9D-4BC3-942F-A8582D104055}.Debug|x64.ActiveCfg = Debug|x64
		{FF999445-9D9D-4BC3-942F-A8582D104055}.Debug|x64.Build.0 = Debug|x64
		{FF999445-9D9D-4BC3-942F-A8582D104055}.Debug|x86.ActiveCfg = Debug|Win32
		{FF999445-9D9D-4BC3-942F-A8582D104055}.Debug|x86.Build.0 = Debug|Win32
		{FF999445-9D9D-4BC3-942F-A8582D104055}.Release|x64.ActiveCfg = Release|x64
		{FF999445-9D9D-4BC3-942F-A8582D104055}.Release|x64.Build.0 = Release|x64
		{FF999445-9D9D-4BC3-942F-A8582D104055}.Release|x86.ActiveCfg = Release|Win32
		{FF999445-9D9D-4BC3-942F-A8582D104055}.Release|x86.Build.0 = Release|Win32
		{4A6BE305-136C-4989-895C-6231A02E2DEC}.Debug|x64.ActiveCfg = Debug|x64
		{4A6BE305-136C-4989-895C-6231A02E2DEC}.Debug|x64.Build.0 = Debug|x64
		{4A6BE305-136C-4989-895C-6231A02E2DEC}.Debug|x86.ActiveCfg = Debug|Win32
		{4A6BE305-136C-4989-895C-6231A02E2DEC}.Debug|x86.Build.0 = Debug|Win32
		{4A6BE305-136C-4989-895C-6231A02E2DEC}.Release|x64.ActiveCfg = Release|x64
		{4A6BE305-136C-4989-895C-6231A02E2DEC}.Release|x64.Build.0 = Release|x64
		{4A6BE305-136C-4989-895C-6231A02E2DEC}.Release|x86.ActiveCfg = Release|Win32
		{4A6BE305-136C-4989-895C-6231A02E2DEC}.Release|x86.Build.0 = Release|Win32
		{9A4B28DF-739D-4165-80E2-AC4A01F91BAF}.Debug|x64.ActiveCfg = Debug|x64
		{9A4B28DF-739D-4165-80E2-AC4A01F91BAF}.Debug|x64.Build.0 = Debug|x64
		{9A4B28DF-739D-4165-80E2-AC4A01F91BAF}.Debug|x86.ActiveCfg = Debug|Win32
		{9A4B28DF-739D-4165-80E2-AC4A01F91BAF}.Debug|x86.Build.0 = Debug|Win32
		{9A4B28DF-739D-4165-80E2-AC4A01F91BAF}.Release|x64.ActiveCfg = Release|x64
		{9A4B28DF-739D-4165-80E2-AC4A01F91BAF}.Release|x64.Build.0 = Release|x64
		{9A4B28DF-739D-4165-80E2-AC4A01F91BAF}.Release|x86.ActiveCfg = Release|Win32
		{9A4B28DF-739D-4165-80E2-AC4A01F91BAF}.Release|x86.Build.0 = Release|Win32
		{5874221D-016A-4F73-9BF5-7CF46CFF3822}.Debug|x64.ActiveCfg = Debug|x64
		{5874221D-016A-4F73-9BF5-7CF46CFF3822}.Debug|x64.Build.0 = Debug|x64
		{5874221D-016A-4F73-9BF5-7CF46CFF3822}.Debug|x86.ActiveCfg = Debug|Win32
		{5874221D-016A-4F73-9BF5-7CF46CFF3822}.Debug|x86.Build.0 = Debug|Win32
		{5874221D-016A-4F73-9BF5-7CF46CFF3822}.Release|x64.ActiveCfg = Release|x64
		{5874221D-016A-4F73-9BF5-7CF46CFF3822}.Release|x64.Build.0 = Release|x64
		{5874221D-016A-4F73-9BF5-7CF46CFF3822}.Release|x86.ActiveCfg = Release|Win32
		{5874221D-016A-4F73-9BF5-7CF46CFF3822}.Release|x86.Build.0 = Release|Win32
		{80D38477-9833-4B8C-A367-77782B2FAA59}.Debug|x64.ActiveCfg = Debug|x64
		{80D38477-9833-4B8C-A367-77782B2FAA59}.Debug|x64.Build.0 = Debug|x64
		{80D38477-9833-4B8C-A367-77782B2FAA59}.Debug|x86.ActiveCfg = Debug|Win32
		{80D38477-9833-4B8C-A367-77782B2FAA59}.Debug|x86.Build.0 = Debug|Win32
		{80D38477-9833-4B8C-A367-77782B2FAA59}.Release|x64.ActiveCfg = Release|x64
		{80D38477-9833-4B8C-A367-77782B2FAA59}.Release|x64.Build.0 = Release|x64
		{80D38477-9833-4B8C-A367-77782B2FAA59}.Release|x86.ActiveCfg = Release|Win32
		{80D38477-9833-4B8C-A367-77782B2FAA59}.Release|x86.Build.0 = Release|Win32
		{F93F8398-1954-4154-98DC-27DB8DA06358}.Debug|x64.ActiveCfg = Debug|x64
		{F93F8398-1954-4154-98DC-27DB8DA06358}.Debug|x64.Build.0 = Debug|x64
		{F93F8398-1954-4154-98DC-27DB8DA06358}.Debug|x86.ActiveCfg = Debug|Win32
		{F93F8398-1954-4154-98DC-27DB8DA06358}.Debug|x86.Build.0 = Debug|Win32
		{F93F8398-1954-4154-98DC-27DB8DA06358}.Release|x64.ActiveCfg = Release|x64
		{F93F8398-1954-4154-98DC-27DB8DA06358}.Release|x64.Build.0 = Release|x64
		{F93F8398-1954-4154-98DC-27DB8DA06358}.Release|x86.ActiveCfg = Release|Win32
		{F93F8398-1954-4154-98DC-27DB8DA06358}.Release|x86.Build.0 = Release|Win32
		{5677E9A5-1E0A-4CDE-8467-8A118E45B75F}.Debug|x64.ActiveCfg = Debug|x64
		{5677E9A5-1E0A-4CDE-8467-8A118E45B75F}.Debug|x64.Build.0 = Debug|x64
		{5677E9A5-1E0A-4CDE-8467-8A118E45B75F}.Debug|x86.ActiveCfg = Debug|Win32
		{5677E9A5-1E0A-4CDE-8467-8A118E45B75F}.Debug|x86.Build.0 = Debug|Win32
		{5677E9A5-1E0A-4CDE-8467-8A118E45B75F}.Release|x64.ActiveCfg = Release|x64
		{5677E9A5-1E0A-4CDE-8467-8A118E45B75F}.Release|x64.Build.0 = Release|x64
		{5677E9A5-1E0A-4CDE-8467-8A118E45B75F}.Release|x86.ActiveCfg = Release|Win32
		{5677E9A5-1E0A-4CDE-8467-8A118E45B75F}.Release|x86.Build.0 = Release|Win32
		{A6A2BF9D-4735-461E-8179-6055BBD65AF4}.Debug|x64.ActiveCfg = Debug|x64
		{A6A2BF9D-4735-461E-8179-6055BBD65AF4}.Debug|x64.Build.0 = Debug|x64
		{A6A2BF9D-4735-461E-8179-6055BBD65AF4}.Debug|x86.ActiveCfg = Debug|Win32
		{A6A2BF9D-4735-461E-8179-6055BBD65AF4}.Debug|x86.Build.0 = Debug|Win32
		{A6A2BF9D-4735-461E-8179-6055BBD65AF4}.Release|x64.ActiveCfg = Release|x64
		{A6A2BF9D-4735-461E-8179-6055BBD65AF4}.Release|x64.Build.0 = Release|x64
		{A6A2BF9D-4735-461E-8179-6055BBD65AF4}.Release|x86.ActiveCfg = Release|Win32
		{A6A2BF9D-4735-461E-8179-6055BBD65AF4}.Release|x86.Build.0 = Release|Win32
		{A538814C-E6EF-4699-B255-8F121DF400A9}.Debug|x64.ActiveCfg = Debug|x64
		{A538814C-E6EF-4699-B255-8F121DF400A9}.Debug|x64.Build.0 = Debug|x64
		{A538814C-E6EF-4699-B255-8F121DF400A9}.Debug|x86.ActiveCfg = Debug|Win32
		{A538814C-E6EF-4699-B255-8F121DF400A9}.Debug|x86.Build.0 = Debug|Win32
		{A538814C-E6EF-4699-B255-8F121DF400A9}.Release|x64.ActiveCfg = Release|x64
		{A538814C-E6EF-4699-B255-8F121DF400A9}.Release|x64.Build.0 = Release|x64
		{A538814C-E6EF-4699-B255-8F121DF400A9}.Release|x86.ActiveCfg = Release|Win32
		{A538814C-E6EF-4699-B255-8F121DF400A9}.Release|x86.Build.0 = Release|Win32
		{6C7BE749-4978-4798-82FA-6008630D2197}.Debug|x64.ActiveCfg = Debug|x64
		{6C7BE749-4978-4798-82FA-6008630D2197}.Debug|x64.Build.0 = Debug|x64
		{6C7BE749-4978-4798-82FA-6008630D2197}.Debug|x86.ActiveCfg = Debug|Win32
		{6C7BE749-4978-4798-82FA-6008630D2197}.Debug|x86.Build.0 = Debug|Win32
		{6C7BE749-4978-4798-82FA-6008630D2197}.Release|x64.ActiveCfg = Release|x64
		{6C7BE749-4978-4798-82FA-6008630D2197}.Release|x64.Build.0 = Release|x64
		{6C7BE749-4978-4798-82FA-6008630D2197}.Release|x86.ActiveCfg = Release|Win32
		{6C7BE749-4978-4798-82FA-6008630D2197}.Release|x86.Build.0 = Release|Win32
		{7C15C179-B236-4793-BC5C-AE6FD6CC1F66}.Debug|x64.ActiveCfg = Debug|x64
		{7C15C179-B236-4793-BC5C-AE6FD6CC1F66}.Debug|x64.Build.0 = Debug|x64
		{7C15C179-B236-4793-BC5C-AE6FD6CC1F66}.Debug|x86.ActiveCfg = Debug|Win32
		{7C15C179-B236-4793-BC5C-AE6FD6CC1F66}.Debug|x86.Build.0 = Debug|Win32
		{7C15C179-B236-4793-BC5C-AE6FD6CC1F66}.Release|x64.ActiveCfg = Release|x64
		{7C15C179-B236-4793-BC5C-AE6FD6CC1F66}.Release|x64.Build.0 = Release|x64
		{7C15C179-B236-4793-BC5C-AE6FD6CC1F66}.Release|x86.ActiveCfg = Release|Win32
		{7C15C179-B236-4793-BC5C-AE6FD6CC1F66}.Release|x86.Build.0 = Release|Win32
		{1901A0F3-A159-4936-887E-DE095F3964C8}.Debug|x64.ActiveCfg = Debug|x64
		{1901A0F3-A159-4936-887E-DE095F3964C8}.Debug|x64.Build.0 = Debug|x64
		{1901A0F3-A159-4936-887E-DE095F3964C8}.Debug|x86.ActiveCfg = Debug|Win32
		{1901A0F3-A159-4936-887E-DE095F3964C8}.Debug|x86.Build.0 = Debug|Win32
		{1901A0F3-A159-4936-887E-DE095F3964C8}.Release|x64.ActiveCfg = Release|x64
		{1901A0F3-A159-4936-887E-DE095F3964C8}.Release|x64.Build.0 = Release|x64
		{1901A0F3-A159-4936-887E-DE095F3964C8}.Release|x86.ActiveCfg = Release|Win32
		{1901A0F3-A159-4936-887E-DE095F3964C8}.Release|x86.Build.0 = Release|Win32
		{548F6AD3-FCA9-44E3-8BDB-A0C9723D216B}.Debug|x64.ActiveCfg = Debug|x64
		{548F6AD3-FCA9-44E3-8BDB-A0C9723D216B}.Debug|x64.Build.0 = Debug|x64
		{548F6AD3-FCA9-44E3-8BDB-A0C9723D216B}.Debug|x86.ActiveCfg = Debug|Win32
		{548F6AD3-FCA9-44E3-8BDB-A0C9723D216B}.Debug|x86.Build.0 = Debug|Win32
		{548F6AD3-FCA9-44E3-8BDB-A0C9723D216B}.Release|x64.ActiveCfg = Release|x64
		{548F6AD3-FCA9-44E3-8BDB-A0C9723D216B}.Release|x64.Build.0 = Release|x64
		{548F6AD3-FCA9-44E3-8BDB-A0C9723D216B}.Release|x86.ActiveCfg = Release|Win32
		{548F6AD3-FCA9-44E3-8BDB-A0C9723D216B}.Release|x86.Build.0 = Release|Win32
		{AA4878C2-B6E4-4893-BB50-6D0A56261765}.Debug|x64.ActiveCfg = Debug|x64
		{AA4878C2-B6E4-4893-BB50-6D0A56261765}.Debug|x64.Build.0 = Debug|x64
		{AA4878C2-B6E4-4893-BB50-6D0A56261765}.Debug|x86.ActiveCfg = Debug|Win32
		{AA4878C2-B6E4-4893-BB50-6D0A56261765}.Debug|x86.Build.0 = Debug|Win32
		{AA4878C2-B6E4-4893-BB50-6D0A56261765}.Release|x64.ActiveCfg = Release|x64
		{AA4878C2-B6E4-4893-BB50-6D0A56261765}.Release|x64.Build.0 = Release|x64
		{AA4878C2-B6E4-4893-BB50-6D0A56261765}.Release|x86.ActiveCfg = Release|Win32
		{AA4878C2-B6E4-4893-BB50-6D0A56261765}.Release|x86.Build.0 = Release|Win32
		{DEFF11AB-DEEB-4919-A017-68380AAD43A8}.Debug|x64.ActiveCfg = Debug|x64
		{DEFF11AB-DEEB-4919-A017-68380AAD43A8}.Debug|x64.Build.0 = Debug|x64
		{DEFF11AB-DEEB-4919-A017-68380AAD43A8}.Debug|x86.ActiveCfg = Debug|Win32
		{DEFF11AB-DEEB-4919-A017-68380AAD43A8}.Debug|x86.Build.0 = Debug|Win32
		{DEFF11AB-DEEB-4919-A017-68380AAD43A8}.Release|x64.ActiveCfg = Release|x64
		{DEFF11AB-DEEB-4919-A017-68380AAD43A8}.Release|x64.Build.0 = Release|x64
		{DEFF11AB-DEEB-4919-A017-68380AAD43A8}.Release|x86.ActiveCfg = Release|Win32
		{DEFF11AB-DEEB-4919-A017-68380AAD43A8}.Release|x86.Build.0 = Release|Win32
		{4C321CEE-DC7C-411B-BFFF-D4425D3C96FA}.Debug|x64.ActiveCfg = Debug|x64
		{4C321CEE-DC7C-411B-BFFF-D4425D3C96FA}.Debug|x64.Build.0 = Debug|x64
		{4C321CEE-DC7C-411B-BFFF-D4425D3C96FA}.Debug|x86.ActiveCfg = Debug|Win32
		{4C321CEE-DC7C-411B-BFFF-D4425D3C96FA}.Debug|x86.Build.0 = Debug|Win32
		{4C321CEE-DC7C-411B-BFFF-D4425D3C96FA}.Release|x64.ActiveCfg = Release|x64
		{4C321CEE-DC7C-411B-BFFF-D4425D3C96FA}.Release|x64.Build.0 = Release|x64
		{4C321CEE-DC7C-411B-BFFF-D4425D3C96FA}.Release|x86.ActiveCfg = Release|Win32
		{4C321CEE-DC7C-411B-BFFF-D4425D3C96FA}.Release|x86.Build.0 = Release|Win32
		{9E3F816F-5FE8-4440-B560-0A1A07E3EF2B}.Debug|x64.ActiveCfg = Debug|x64
		{9E3F816F-5FE8-4440-B560-0A1A07E3EF2B}.Debug|x64.Build.0 = Debug|x64
		{9E3F816F-5FE8-4440-B560-0A1A07E3EF2B}.Debug|x86.ActiveCfg = Debug|Win32
		{9E3F816F-5FE8-4440-B560-0A1A07E3EF2B}.Debug|x86.Build.0 = Debug|Win32
		{9E3F816F-5FE8-4440-B560-0A1A07E3EF2B}.Release|x64.ActiveCfg = Release|x64
		{9E3F816F-5FE8-4440-B560-0A1A07E3EF2B}.Release|x64.Build.0 = Release|x64
		{9E3F816F-5FE8-4440-B560-0A1A07E3EF2B}.Release|x86.ActiveCfg = Release|Win32
		{9E3F816F-5FE8-4440-B560-0A1A07E3EF2B}.Release|x86.Build.0 = Release|Win32
		{9F189B57-41D5-46A5-BCA3-20D52CFB9FDF}.Debug|x64.ActiveCfg = Debug|x64
		{9F189B57-41D5-46A5-BCA3-20D52CFB9FDF}.Debug|x64.Build.0 = Debug|x64
		{9F189B57-41D5-46A5-BCA3-20D52CFB9FDF}.Debug|x86.ActiveCfg = Debug|Win32
		{9F189B57-41D5-46A5-BCA3-20D52CFB9FDF}.Debug|x86.Build.0 = Debug|Win32
		{9F189B57-41D5-46A5-BCA3-20D52CFB9FDF}.Release|x64.ActiveCfg = Release|x64
		{9F189B57-41D5-46A5-BCA3-20D52CFB9FDF}.Release|x64.Build.0 = Release|x64
		{9F189B57-41D5-46A5-BCA3-20D52CFB9FDF}.Release|x86.ActiveCfg = Release|Win32
		{9F189B57-41D5-46A5-BCA3-20D52CFB9FDF}.Release|x86.Build.0 = Release|Win32
		{63BBF5AE-8923-469A-9249-D20DE7C8EA87}.Debug|x64.ActiveCfg = Debug|x64
		{63BBF5AE-8923-469A-9249-D20DE7C8EA87}.Debug|x64.Build.0 = Debug|x64
		{63BBF5AE-8923-469A-9249-D20DE7C8EA87}.Debug|x86.ActiveCfg = Debug|Win32
		{63BBF5AE-8923-469A-9249-D20DE7C8EA87}.Debug|x86.Build.0 = Debug|Win32
		{63BBF5AE-8923-469A-9249-D20DE7C8EA87}.Release|x64.ActiveCfg = Release|x64
		{63BBF5AE-8923-469A-9249-D20DE7C8EA87}.Release|x64.Build.0 = Release|x64
		{63BBF5AE-8923-469A-9249-D20DE7C8EA87}.Release|x86.ActiveCfg = Release|Win32
		{63BBF5AE-8923-469A-9249-D20DE7C8EA87}.Release|x86.Build.0 = Release|Win32
		{E4E1C11B-C27D-4368-AEB9-ECA293C3FF5D}.Debug|x64.ActiveCfg = Debug|x64
		{E4E1C11B-C27D-4368-AEB9-ECA293C3FF5D}.Debug|x64.Build.0 = Debug|x64
		{E4E1C11B-C27D-4368-AEB9-ECA293C3FF5D}.Debug|x86.ActiveCfg = Debug|Win32
		{E4E1C11B-C27D-4368-AEB9-ECA293C3FF5D}.Debug|x86.Build.0 = Debug|Win32
		{E4E1C11B-C27D-4368-AEB9-ECA293C3FF5D}.Release|x64.ActiveCfg = Release|x64
		{E4E1C11B-C27D-4368-AEB9-ECA293C3FF5D}.Release|x64.Build.0 = Release|x64
		{E4E1C11B-C27D-4368-AEB9-ECA293C3FF5D}.Release|x86.ActiveCfg = Release|Win32
		{E4E1C11B-C27D-4368-AEB9-ECA293C3FF5D}.Release|x86.Build.0 = Release|Win32
		{F5BB57EE-6F72-4681-817E-2780EB733E17}.Debug|x64.ActiveCfg = Debug|x64
		{F5BB57EE-6F72-4681-817E-2780EB733E17}.Debug|x64.Build.0 = Debug|x64
		{F5BB57EE-6F72-4681-817E-2780EB733E17}.Debug|x86.ActiveCfg = Debug|Win32
		{F5BB57EE-6F72-4681-817E-2780EB733E17}.Debug|x86.Build.0 = Debug|Win32
		{F5BB57EE-6F72-4681-817E-2780EB733E17}.Release|x64.ActiveCfg = Release|x64
		{F5BB57EE-6F72-4681-817E-2780EB733E17}.Release|x64.Build.0 = Release|x64
		{F5BB57EE-6F72-4681-817E-2780EB733E17}.Release|x86.ActiveCfg = Release|Win32
		{F5BB57EE-6F72-4681-817E-2780EB733E17}.Release|x86.Build.0 = Release|Win32
		{9EAEE97E-9882-4997-A69D-0EEF8D9135CA}.Debug|x64.ActiveCfg = Debug|x64
		{9EAEE97E-9882-4997-A69D-0EEF8D9135CA}.Debug|x64.Build.0 = Debug|x64
		{9EAEE97E-9882-4997-A69D-0EEF8D9135CA}.Debug|x86.ActiveCfg = Debug|Win32
		{9EAEE97E-9882-4997-A69D-0EEF8D9135CA}.Debug|x86.Build.0 = Debug|Win32
		{9EAEE97E-9882-4997-A69D-0EEF8D9135CA}.Release|x64.ActiveCfg = Release|x64
		{9EAEE97E-9882-4997-A69D-0EEF8D9135CA}.Release|x64.Build.0 = Release|x64
		{9EAEE97E-9882-4997-A69D-0EEF8D9135CA}.Release|x86.ActiveCfg = Release|Win32
		{9EAEE97E-9882-4997-A69D-0EEF8D9135CA}.Release|x86.Build.0 = Release|Win32
	EndGlobalSection
	GlobalSection(SolutionProperties) = preSolution
		HideSolutionNode = FALSE
	EndGlobalSection
	GlobalSection(NestedProjects) = preSolution
		{64ED90BC-23D3-4DAA-B3E8-DE35A75863AA} = {BF98DDB8-340E-4FF8-88AB-843EFAF570E4}
		{2E596DC5-54CC-401F-9A30-43CFEFDC0124} = {CE431045-C17A-420E-AFCA-80ECAFAEE45C}
		{DA55BF5F-766C-406C-87A6-3F336A50BA2A} = {CE431045-C17A-420E-AFCA-80ECAFAEE45C}
		{8A2221DC-0A91-4A9B-BD8E-EB47BEA94612} = {BF98DDB8-340E-4FF8-88AB-843EFAF570E4}
		{7B1FB75E-1F63-44C9-ADBA-137029787BBA} = {CE431045-C17A-420E-AFCA-80ECAFAEE45C}
		{96620A95-64FA-455A-9DEE-1BD8EFA1B4F3} = {CE431045-C17A-420E-AFCA-80ECAFAEE45C}
		{545FA245-0C8D-443B-83FE-4E9872BD59AE} = {CE431045-C17A-420E-AFCA-80ECAFAEE45C}
		{5B671CE2-707A-4046-B666-902BD8A8D325} = {CE431045-C17A-420E-AFCA-80ECAFAEE45C}
		{B2417E41-2445-4BDA-B610-536C7F5D82E1} = {D151FDC8-B387-46D4-8CD4-90BA365E3AB6}
		{5B7F8CF0-9194-4616-BD16-744BF3ACBA44} = {CE431045-C17A-420E-AFCA-80ECAFAEE45C}
		{09E3C629-7F7E-4D0C-9810-DD7940A3FC33} = {CE431045-C17A-420E-AFCA-80ECAFAEE45C}
		{CFB1BEC9-003B-473C-A721-77C2931C0CFF} = {CE431045-C17A-420E-AFCA-80ECAFAEE45C}
		{FF999445-9D9D-4BC3-942F-A8582D104055} = {CE431045-C17A-420E-AFCA-80ECAFAEE45C}
		{4A6BE305-136C-4989-895C-6231A02E2DEC} = {BF98DDB8-340E-4FF8-88AB-843EFAF570E4}
		{9A4B28DF-739D-4165-80E2-AC4A01F91BAF} = {D151FDC8-B387-46D4-8CD4-90BA365E3AB6}
		{5874221D-016A-4F73-9BF5-7CF46CFF3822} = {CE431045-C17A-420E-AFCA-80ECAFAEE45C}
		{80D38477-9833-4B8C-A367-77782B2FAA59} = {7DC7965C-FF7C-44DD-BA5A-F46037202C38}
		{F93F8398-1954-4154-98DC-27DB8DA06358} = {CE431045-C17A-420E-AFCA-80ECAFAEE45C}
		{5677E9A5-1E0A-4CDE-8467-8A118E45B75F} = {CE431045-C17A-420E-AFCA-80ECAFAEE45C}
		{A6A2BF9D-4735-461E-8179-6055BBD65AF4} = {CE431045-C17A-420E-AFCA-80ECAFAEE45C}
		{A538814C-E6EF-4699-B255-8F121DF400A9} = {BF98DDB8-340E-4FF8-88AB-843EFAF570E4}
		{6C7BE749-4978-4798-82FA-6008630D2197} = {D151FDC8-B387-46D4-8CD4-90BA365E3AB6}
		{7C15C179-B236-4793-BC5C-AE6FD6CC1F66} = {853B84AF-C806-4FFC-A1BC-66343F3E50A1}
		{1901A0F3-A159-4936-887E-DE095F3964C8} = {853B84AF-C806-4FFC-A1BC-66343F3E50A1}
		{548F6AD3-FCA9-44E3-8BDB-A0C9723D216B} = {CE431045-C17A-420E-AFCA-80ECAFAEE45C}
		{AA4878C2-B6E4-4893-BB50-6D0A56261765} = {CE431045-C17A-420E-AFCA-80ECAFAEE45C}
		{DEFF11AB-DEEB-4919-A017-68380AAD43A8} = {CE431045-C17A-420E-AFCA-80ECAFAEE45C}
		{7DC7965C-FF7C-44DD-BA5A-F46037202C38} = {CE431045-C17A-420E-AFCA-80ECAFAEE45C}
		{4C321CEE-DC7C-411B-BFFF-D4425D3C96FA} = {AF693833-1ECC-43F8-B9DA-61E29A4B20B3}
		{9E3F816F-5FE8-4440-B560-0A1A07E3EF2B} = {7DC7965C-FF7C-44DD-BA5A-F46037202C38}
		{9F189B57-41D5-46A5-BCA3-20D52CFB9FDF} = {BF98DDB8-340E-4FF8-88AB-843EFAF570E4}
		{E4E1C11B-C27D-4368-AEB9-ECA293C3FF5D} = {BF98DDB8-340E-4FF8-88AB-843EFAF570E4}
		{F5BB57EE-6F72-4681-817E-2780EB733E17} = {BF98DDB8-340E-4FF8-88AB-843EFAF570E4}
	EndGlobalSection
	GlobalSection(ExtensibilityGlobals) = postSolution
		SolutionGuid = {44D5FC01-A559-4167-99B4-B463917F49C3}
	EndGlobalSection
EndGlobal
